
Microsoft Visual Studio Solution File, Format Version 12.00
# Visual Studio Version 17
VisualStudioVersion = 17.4.33213.308
MinimumVisualStudioVersion = 10.0.40219.1
Project("{9A19103F-16F7-4668-BE54-9A1E7A4F7556}") = "GameEngine", "GameEngine\GameEngine.csproj", "{B8D97B42-FDF1-457F-96C5-08D85FBABEBF}"
EndProject
Project("{9A19103F-16F7-4668-BE54-9A1E7A4F7556}") = "Template", "Template\Template.csproj", "{12558FEE-1E17-45B4-95E7-2DA133856182}"
EndProject
Project("{FAE04EC0-301F-11D3-BF4B-00C04F79EFBC}") = "MapEditor", "MapEditor\MapEditor.csproj", "{87E43019-F117-4131-8C9D-CB0A2326F36B}"
EndProject
Global
	GlobalSection(SolutionConfigurationPlatforms) = preSolution
		Debug|Any CPU = Debug|Any CPU
		Release|Any CPU = Release|Any CPU
	EndGlobalSection
	GlobalSection(ProjectConfigurationPlatforms) = postSolution
		{B8D97B42-FDF1-457F-96C5-08D85FBABEBF}.Debug|Any CPU.ActiveCfg = Debug|Any CPU
		{B8D97B42-FDF1-457F-96C5-08D85FBABEBF}.Debug|Any CPU.Build.0 = Debug|Any CPU
		{B8D97B42-FDF1-457F-96C5-08D85FBABEBF}.Release|Any CPU.ActiveCfg = Release|Any CPU
		{B8D97B42-FDF1-457F-96C5-08D85FBABEBF}.Release|Any CPU.Build.0 = Release|Any CPU
		{12558FEE-1E17-45B4-95E7-2DA133856182}.Debug|Any CPU.ActiveCfg = Debug|Any CPU
		{12558FEE-1E17-45B4-95E7-2DA133856182}.Debug|Any CPU.Build.0 = Debug|Any CPU
		{12558FEE-1E17-45B4-95E7-2DA133856182}.Release|Any CPU.ActiveCfg = Release|Any CPU
		{12558FEE-1E17-45B4-95E7-2DA133856182}.Release|Any CPU.Build.0 = Release|Any CPU
		{87E43019-F117-4131-8C9D-CB0A2326F36B}.Debug|Any CPU.ActiveCfg = Debug|Any CPU
		{87E43019-F117-4131-8C9D-CB0A2326F36B}.Debug|Any CPU.Build.0 = Debug|Any CPU
		{87E43019-F117-4131-8C9D-CB0A2326F36B}.Release|Any CPU.ActiveCfg = Release|Any CPU
		{87E43019-F117-4131-8C9D-CB0A2326F36B}.Release|Any CPU.Build.0 = Release|Any CPU
	EndGlobalSection
	GlobalSection(SolutionProperties) = preSolution
		HideSolutionNode = FALSE
	EndGlobalSection
	GlobalSection(ExtensibilityGlobals) = postSolution
		SolutionGuid = {BDC445C5-7C74-406B-B626-A4B4C6C3D7EB}
	EndGlobalSection
EndGlobal
